
Microsoft Visual Studio Solution File, Format Version 12.00
# Visual Studio Version 17
VisualStudioVersion = 17.0.32014.148
MinimumVisualStudioVersion = 10.0.40219.1
Project("{FAE04EC0-301F-11D3-BF4B-00C04F79EFBC}") = "IdentityMVCAuthentication", "IdentityMVCAuthentication\IdentityMVCAuthentication.csproj", "{562A7E28-68D8-4C1D-BF86-B6CEACFBADCC}"
EndProject
Global
	GlobalSection(SolutionConfigurationPlatforms) = preSolution
		Debug|Any CPU = Debug|Any CPU
		Release|Any CPU = Release|Any CPU
	EndGlobalSection
	GlobalSection(ProjectConfigurationPlatforms) = postSolution
		{562A7E28-68D8-4C1D-BF86-B6CEACFBADCC}.Debug|Any CPU.ActiveCfg = Debug|Any CPU
		{562A7E28-68D8-4C1D-BF86-B6CEACFBADCC}.Debug|Any CPU.Build.0 = Debug|Any CPU
		{562A7E28-68D8-4C1D-BF86-B6CEACFBADCC}.Release|Any CPU.ActiveCfg = Release|Any CPU
		{562A7E28-68D8-4C1D-BF86-B6CEACFBADCC}.Release|Any CPU.Build.0 = Release|Any CPU
	EndGlobalSection
	GlobalSection(SolutionProperties) = preSolution
		HideSolutionNode = FALSE
	EndGlobalSection
	GlobalSection(ExtensibilityGlobals) = postSolution
		SolutionGuid = {B5239945-42A3-4FC5-AC43-5EDE3099EDBF}
	EndGlobalSection
EndGlobal
